
Microsoft Visual Studio Solution File, Format Version 12.00
# Visual Studio Version 17
VisualStudioVersion = 17.5.33516.290
MinimumVisualStudioVersion = 10.0.40219.1
Project("{FAE04EC0-301F-11D3-BF4B-00C04F79EFBC}") = "SCPSLplugin", "SCPSLplugin\SCPSLplugin.csproj", "{91FDF5FB-8043-4D03-B12D-4E18D236B4E9}"
EndProject
Global
	GlobalSection(SolutionConfigurationPlatforms) = preSolution
		Debug|Any CPU = Debug|Any CPU
		Release|Any CPU = Release|Any CPU
	EndGlobalSection
	GlobalSection(ProjectConfigurationPlatforms) = postSolution
		{91FDF5FB-8043-4D03-B12D-4E18D236B4E9}.Debug|Any CPU.ActiveCfg = Debug|Any CPU
		{91FDF5FB-8043-4D03-B12D-4E18D236B4E9}.Debug|Any CPU.Build.0 = Debug|Any CPU
		{91FDF5FB-8043-4D03-B12D-4E18D236B4E9}.Release|Any CPU.ActiveCfg = Release|Any CPU
		{91FDF5FB-8043-4D03-B12D-4E18D236B4E9}.Release|Any CPU.Build.0 = Release|Any CPU
	EndGlobalSection
	GlobalSection(SolutionProperties) = preSolution
		HideSolutionNode = FALSE
	EndGlobalSection
	GlobalSection(ExtensibilityGlobals) = postSolution
		SolutionGuid = {980A60BC-6714-4F0D-A53D-C66B4DF6710B}
	EndGlobalSection
EndGlobal
